// !$*UTF8*$!
{
	archiveVersion = 1;
	classes = {
	};
	objectVersion = 56;
	objects = {

/* Begin PBXBuildFile section */
		481973FD2B442F0F00F4535B /* GPUArbeitsablauf.swift in Sources */ = {isa = PBXBuildFile; fileRef = 481973FC2B442F0F00F4535B /* GPUArbeitsablauf.swift */; };
		481974072B443A3B00F4535B /* GPUFunktion.metal in Sources */ = {isa = PBXBuildFile; fileRef = 481974062B443A3B00F4535B /* GPUFunktion.metal */; };
		481974092B443A6700F4535B /* GPUFunction.metal in Sources */ = {isa = PBXBuildFile; fileRef = 481974082B443A6700F4535B /* GPUFunction.metal */; };
		4819740B2B443AB700F4535B /* GPUFunção.metal in Sources */ = {isa = PBXBuildFile; fileRef = 4819740A2B443AB700F4535B /* GPUFunção.metal */; };
		4819740D2B443BF800F4535B /* main.swift in Sources */ = {isa = PBXBuildFile; fileRef = 4819740C2B443BF800F4535B /* main.swift */; };
		4819740F2B443CCE00F4535B /* GPUWorkflow.swift in Sources */ = {isa = PBXBuildFile; fileRef = 4819740E2B443CCE00F4535B /* GPUWorkflow.swift */; };
		481974112B443D7100F4535B /* GPUFluxoDeTrabalho.swift in Sources */ = {isa = PBXBuildFile; fileRef = 481974102B443D7100F4535B /* GPUFluxoDeTrabalho.swift */; };
/* End PBXBuildFile section */

/* Begin PBXCopyFilesBuildPhase section */
		481973F72B442F0F00F4535B /* CopyFiles */ = {
			isa = PBXCopyFilesBuildPhase;
			buildActionMask = 2147483647;
			dstPath = /usr/share/man/man1/;
			dstSubfolderSpec = 0;
			files = (
			);
			runOnlyForDeploymentPostprocessing = 1;
		};
/* End PBXCopyFilesBuildPhase section */

/* Begin PBXFileReference section */
		481973F92B442F0F00F4535B /* GPUWorkflow */ = {isa = PBXFileReference; explicitFileType = "compiled.mach-o.executable"; includeInIndex = 0; path = GPUWorkflow; sourceTree = BUILT_PRODUCTS_DIR; };
		481973FC2B442F0F00F4535B /* GPUArbeitsablauf.swift */ = {isa = PBXFileReference; lastKnownFileType = sourcecode.swift; path = GPUArbeitsablauf.swift; sourceTree = "<group>"; };
		481974062B443A3B00F4535B /* GPUFunktion.metal */ = {isa = PBXFileReference; lastKnownFileType = sourcecode.metal; path = GPUFunktion.metal; sourceTree = "<group>"; };
		481974082B443A6700F4535B /* GPUFunction.metal */ = {isa = PBXFileReference; lastKnownFileType = sourcecode.metal; path = GPUFunction.metal; sourceTree = "<group>"; };
		4819740A2B443AB700F4535B /* GPUFunção.metal */ = {isa = PBXFileReference; lastKnownFileType = sourcecode.metal; path = "GPUFunção.metal"; sourceTree = "<group>"; };
		4819740C2B443BF800F4535B /* main.swift */ = {isa = PBXFileReference; lastKnownFileType = sourcecode.swift; path = main.swift; sourceTree = "<group>"; };
		4819740E2B443CCE00F4535B /* GPUWorkflow.swift */ = {isa = PBXFileReference; lastKnownFileType = sourcecode.swift; path = GPUWorkflow.swift; sourceTree = "<group>"; };
		481974102B443D7100F4535B /* GPUFluxoDeTrabalho.swift */ = {isa = PBXFileReference; lastKnownFileType = sourcecode.swift; path = GPUFluxoDeTrabalho.swift; sourceTree = "<group>"; };
/* End PBXFileReference section */

/* Begin PBXFrameworksBuildPhase section */
		481973F62B442F0F00F4535B /* Frameworks */ = {
			isa = PBXFrameworksBuildPhase;
			buildActionMask = 2147483647;
			files = (
			);
			runOnlyForDeploymentPostprocessing = 0;
		};
/* End PBXFrameworksBuildPhase section */

/* Begin PBXGroup section */
		481973F02B442F0F00F4535B = {
			isa = PBXGroup;
			children = (
				481973FB2B442F0F00F4535B /* GPUWorkflow */,
				481973FA2B442F0F00F4535B /* Products */,
			);
			sourceTree = "<group>";
		};
		481973FA2B442F0F00F4535B /* Products */ = {
			isa = PBXGroup;
			children = (
				481973F92B442F0F00F4535B /* GPUWorkflow */,
			);
			name = Products;
			sourceTree = "<group>";
		};
		481973FB2B442F0F00F4535B /* GPUWorkflow */ = {
			isa = PBXGroup;
			children = (
				481974052B4439F200F4535B /* de 🇩🇪🇦🇹🇨🇭 */,
				481974042B4439E500F4535B /* en 🇺🇸🇬🇧 */,
				481974032B4439CB00F4535B /* pt 🇵🇹🇧🇷 */,
				4819740C2B443BF800F4535B /* main.swift */,
			);
			path = GPUWorkflow;
			sourceTree = "<group>";
		};
		481974032B4439CB00F4535B /* pt 🇵🇹🇧🇷 */ = {
			isa = PBXGroup;
			children = (
				481974102B443D7100F4535B /* GPUFluxoDeTrabalho.swift */,
				4819740A2B443AB700F4535B /* GPUFunção.metal */,
			);
			path = "pt 🇵🇹🇧🇷";
			sourceTree = "<group>";
		};
		481974042B4439E500F4535B /* en 🇺🇸🇬🇧 */ = {
			isa = PBXGroup;
			children = (
				481974082B443A6700F4535B /* GPUFunction.metal */,
				4819740E2B443CCE00F4535B /* GPUWorkflow.swift */,
			);
			path = "en 🇺🇸🇬🇧";
			sourceTree = "<group>";
		};
		481974052B4439F200F4535B /* de 🇩🇪🇦🇹🇨🇭 */ = {
			isa = PBXGroup;
			children = (
				481973FC2B442F0F00F4535B /* GPUArbeitsablauf.swift */,
				481974062B443A3B00F4535B /* GPUFunktion.metal */,
			);
			path = "de 🇩🇪🇦🇹🇨🇭";
			sourceTree = "<group>";
		};
/* End PBXGroup section */

/* Begin PBXNativeTarget section */
		481973F82B442F0F00F4535B /* GPUWorkflow */ = {
			isa = PBXNativeTarget;
			buildConfigurationList = 481974002B442F0F00F4535B /* Build configuration list for PBXNativeTarget "GPUWorkflow" */;
			buildPhases = (
				481973F52B442F0F00F4535B /* Sources */,
				481973F62B442F0F00F4535B /* Frameworks */,
				481973F72B442F0F00F4535B /* CopyFiles */,
			);
			buildRules = (
			);
			dependencies = (
			);
			name = GPUWorkflow;
			productName = GPUWorkflow;
			productReference = 481973F92B442F0F00F4535B /* GPUWorkflow */;
			productType = "com.apple.product-type.tool";
		};
/* End PBXNativeTarget section */

/* Begin PBXProject section */
		481973F12B442F0F00F4535B /* Project object */ = {
			isa = PBXProject;
			attributes = {
				BuildIndependentTargetsInParallel = 1;
				LastSwiftUpdateCheck = 1510;
				LastUpgradeCheck = 1510;
				TargetAttributes = {
					481973F82B442F0F00F4535B = {
						CreatedOnToolsVersion = 15.1;
					};
				};
			};
			buildConfigurationList = 481973F42B442F0F00F4535B /* Build configuration list for PBXProject "GPUWorkflow" */;
			compatibilityVersion = "Xcode 14.0";
			developmentRegion = en;
			hasScannedForEncodings = 0;
			knownRegions = (
				en,
				Base,
			);
			mainGroup = 481973F02B442F0F00F4535B;
			productRefGroup = 481973FA2B442F0F00F4535B /* Products */;
			projectDirPath = "";
			projectRoot = "";
			targets = (
				481973F82B442F0F00F4535B /* GPUWorkflow */,
			);
		};
/* End PBXProject section */

/* Begin PBXSourcesBuildPhase section */
		481973F52B442F0F00F4535B /* Sources */ = {
			isa = PBXSourcesBuildPhase;
			buildActionMask = 2147483647;
			files = (
				4819740D2B443BF800F4535B /* main.swift in Sources */,
				4819740B2B443AB700F4535B /* GPUFunção.metal in Sources */,
				481974092B443A6700F4535B /* GPUFunction.metal in Sources */,
				481974112B443D7100F4535B /* GPUFluxoDeTrabalho.swift in Sources */,
				4819740F2B443CCE00F4535B /* GPUWorkflow.swift in Sources */,
				481974072B443A3B00F4535B /* GPUFunktion.metal in Sources */,
				481973FD2B442F0F00F4535B /* GPUArbeitsablauf.swift in Sources */,
			);
			runOnlyForDeploymentPostprocessing = 0;
		};
/* End PBXSourcesBuildPhase section */

/* Begin XCBuildConfiguration section */
		481973FE2B442F0F00F4535B /* Debug */ = {
			isa = XCBuildConfiguration;
			buildSettings = {
				ALWAYS_SEARCH_USER_PATHS = NO;
				ASSETCATALOG_COMPILER_GENERATE_SWIFT_ASSET_SYMBOL_EXTENSIONS = YES;
				CLANG_ANALYZER_NONNULL = YES;
				CLANG_ANALYZER_NUMBER_OBJECT_CONVERSION = YES_AGGRESSIVE;
				CLANG_CXX_LANGUAGE_STANDARD = "gnu++20";
				CLANG_ENABLE_MODULES = YES;
				CLANG_ENABLE_OBJC_ARC = YES;
				CLANG_ENABLE_OBJC_WEAK = YES;
				CLANG_WARN_BLOCK_CAPTURE_AUTORELEASING = YES;
				CLANG_WARN_BOOL_CONVERSION = YES;
				CLANG_WARN_COMMA = YES;
				CLANG_WARN_CONSTANT_CONVERSION = YES;
				CLANG_WARN_DEPRECATED_OBJC_IMPLEMENTATIONS = YES;
				CLANG_WARN_DIRECT_OBJC_ISA_USAGE = YES_ERROR;
				CLANG_WARN_DOCUMENTATION_COMMENTS = YES;
				CLANG_WARN_EMPTY_BODY = YES;
				CLANG_WARN_ENUM_CONVERSION = YES;
				CLANG_WARN_INFINITE_RECURSION = YES;
				CLANG_WARN_INT_CONVERSION = YES;
				CLANG_WARN_NON_LITERAL_NULL_CONVERSION = YES;
				CLANG_WARN_OBJC_IMPLICIT_RETAIN_SELF = YES;
				CLANG_WARN_OBJC_LITERAL_CONVERSION = YES;
				CLANG_WARN_OBJC_ROOT_CLASS = YES_ERROR;
				CLANG_WARN_QUOTED_INCLUDE_IN_FRAMEWORK_HEADER = YES;
				CLANG_WARN_RANGE_LOOP_ANALYSIS = YES;
				CLANG_WARN_STRICT_PROTOTYPES = YES;
				CLANG_WARN_SUSPICIOUS_MOVE = YES;
				CLANG_WARN_UNGUARDED_AVAILABILITY = YES_AGGRESSIVE;
				CLANG_WARN_UNREACHABLE_CODE = YES;
				CLANG_WARN__DUPLICATE_METHOD_MATCH = YES;
				COPY_PHASE_STRIP = NO;
				DEBUG_INFORMATION_FORMAT = dwarf;
				ENABLE_STRICT_OBJC_MSGSEND = YES;
				ENABLE_TESTABILITY = YES;
				ENABLE_USER_SCRIPT_SANDBOXING = YES;
				GCC_C_LANGUAGE_STANDARD = gnu17;
				GCC_DYNAMIC_NO_PIC = NO;
				GCC_NO_COMMON_BLOCKS = YES;
				GCC_OPTIMIZATION_LEVEL = 0;
				GCC_PREPROCESSOR_DEFINITIONS = (
					"DEBUG=1",
					"$(inherited)",
				);
				GCC_WARN_64_TO_32_BIT_CONVERSION = YES;
				GCC_WARN_ABOUT_RETURN_TYPE = YES_ERROR;
				GCC_WARN_UNDECLARED_SELECTOR = YES;
				GCC_WARN_UNINITIALIZED_AUTOS = YES_AGGRESSIVE;
				GCC_WARN_UNUSED_FUNCTION = YES;
				GCC_WARN_UNUSED_VARIABLE = YES;
				LOCALIZATION_PREFERS_STRING_CATALOGS = YES;
				MACOSX_DEPLOYMENT_TARGET = 14.2;
				MTL_ENABLE_DEBUG_INFO = INCLUDE_SOURCE;
				MTL_FAST_MATH = YES;
				ONLY_ACTIVE_ARCH = YES;
				SDKROOT = macosx;
				SWIFT_ACTIVE_COMPILATION_CONDITIONS = "DEBUG $(inherited)";
				SWIFT_OPTIMIZATION_LEVEL = "-Onone";
			};
			name = Debug;
		};
		481973FF2B442F0F00F4535B /* Release */ = {
			isa = XCBuildConfiguration;
			buildSettings = {
				ALWAYS_SEARCH_USER_PATHS = NO;
				ASSETCATALOG_COMPILER_GENERATE_SWIFT_ASSET_SYMBOL_EXTENSIONS = YES;
				CLANG_ANALYZER_NONNULL = YES;
				CLANG_ANALYZER_NUMBER_OBJECT_CONVERSION = YES_AGGRESSIVE;
				CLANG_CXX_LANGUAGE_STANDARD = "gnu++20";
				CLANG_ENABLE_MODULES = YES;
				CLANG_ENABLE_OBJC_ARC = YES;
				CLANG_ENABLE_OBJC_WEAK = YES;
				CLANG_WARN_BLOCK_CAPTURE_AUTORELEASING = YES;
				CLANG_WARN_BOOL_CONVERSION = YES;
				CLANG_WARN_COMMA = YES;
				CLANG_WARN_CONSTANT_CONVERSION = YES;
				CLANG_WARN_DEPRECATED_OBJC_IMPLEMENTATIONS = YES;
				CLANG_WARN_DIRECT_OBJC_ISA_USAGE = YES_ERROR;
				CLANG_WARN_DOCUMENTATION_COMMENTS = YES;
				CLANG_WARN_EMPTY_BODY = YES;
				CLANG_WARN_ENUM_CONVERSION = YES;
				CLANG_WARN_INFINITE_RECURSION = YES;
				CLANG_WARN_INT_CONVERSION = YES;
				CLANG_WARN_NON_LITERAL_NULL_CONVERSION = YES;
				CLANG_WARN_OBJC_IMPLICIT_RETAIN_SELF = YES;
				CLANG_WARN_OBJC_LITERAL_CONVERSION = YES;
				CLANG_WARN_OBJC_ROOT_CLASS = YES_ERROR;
				CLANG_WARN_QUOTED_INCLUDE_IN_FRAMEWORK_HEADER = YES;
				CLANG_WARN_RANGE_LOOP_ANALYSIS = YES;
				CLANG_WARN_STRICT_PROTOTYPES = YES;
				CLANG_WARN_SUSPICIOUS_MOVE = YES;
				CLANG_WARN_UNGUARDED_AVAILABILITY = YES_AGGRESSIVE;
				CLANG_WARN_UNREACHABLE_CODE = YES;
				CLANG_WARN__DUPLICATE_METHOD_MATCH = YES;
				COPY_PHASE_STRIP = NO;
				DEBUG_INFORMATION_FORMAT = "dwarf-with-dsym";
				ENABLE_NS_ASSERTIONS = NO;
				ENABLE_STRICT_OBJC_MSGSEND = YES;
				ENABLE_USER_SCRIPT_SANDBOXING = YES;
				GCC_C_LANGUAGE_STANDARD = gnu17;
				GCC_NO_COMMON_BLOCKS = YES;
				GCC_WARN_64_TO_32_BIT_CONVERSION = YES;
				GCC_WARN_ABOUT_RETURN_TYPE = YES_ERROR;
				GCC_WARN_UNDECLARED_SELECTOR = YES;
				GCC_WARN_UNINITIALIZED_AUTOS = YES_AGGRESSIVE;
				GCC_WARN_UNUSED_FUNCTION = YES;
				GCC_WARN_UNUSED_VARIABLE = YES;
				LOCALIZATION_PREFERS_STRING_CATALOGS = YES;
				MACOSX_DEPLOYMENT_TARGET = 14.2;
				MTL_ENABLE_DEBUG_INFO = NO;
				MTL_FAST_MATH = YES;
				SDKROOT = macosx;
				SWIFT_COMPILATION_MODE = wholemodule;
			};
			name = Release;
		};
		481974012B442F0F00F4535B /* Debug */ = {
			isa = XCBuildConfiguration;
			buildSettings = {
				CODE_SIGN_STYLE = Automatic;
				DEVELOPMENT_TEAM = P42FSG7L2S;
				ENABLE_HARDENED_RUNTIME = YES;
				PRODUCT_NAME = "$(TARGET_NAME)";
				SWIFT_VERSION = 5.0;
			};
			name = Debug;
		};
		481974022B442F0F00F4535B /* Release */ = {
			isa = XCBuildConfiguration;
			buildSettings = {
				CODE_SIGN_STYLE = Automatic;
				DEVELOPMENT_TEAM = P42FSG7L2S;
				ENABLE_HARDENED_RUNTIME = YES;
				PRODUCT_NAME = "$(TARGET_NAME)";
				SWIFT_VERSION = 5.0;
			};
			name = Release;
		};
/* End XCBuildConfiguration section */

/* Begin XCConfigurationList section */
		481973F42B442F0F00F4535B /* Build configuration list for PBXProject "GPUWorkflow" */ = {
			isa = XCConfigurationList;
			buildConfigurations = (
				481973FE2B442F0F00F4535B /* Debug */,
				481973FF2B442F0F00F4535B /* Release */,
			);
			defaultConfigurationIsVisible = 0;
			defaultConfigurationName = Release;
		};
		481974002B442F0F00F4535B /* Build configuration list for PBXNativeTarget "GPUWorkflow" */ = {
			isa = XCConfigurationList;
			buildConfigurations = (
				481974012B442F0F00F4535B /* Debug */,
				481974022B442F0F00F4535B /* Release */,
			);
			defaultConfigurationIsVisible = 0;
			defaultConfigurationName = Release;
		};
/* End XCConfigurationList section */
	};
	rootObject = 481973F12B442F0F00F4535B /* Project object */;
}
