// !$*UTF8*$!
{
	archiveVersion = 1;
	classes = {
	};
	objectVersion = 56;
	objects = {

/* Begin PBXBuildFile section */
		4866A5572B752E7600F4C8F4 /* main.swift in Sources */ = {isa = PBXBuildFile; fileRef = 4866A5562B752E7600F4C8F4 /* main.swift */; };
		4866A5612B7531E700F4C8F4 /* GPUFunktion.metal in Sources */ = {isa = PBXBuildFile; fileRef = 4866A55F2B7531E700F4C8F4 /* GPUFunktion.metal */; };
		4866A5622B7531E700F4C8F4 /* GPUArbeitsablauf.swift in Sources */ = {isa = PBXBuildFile; fileRef = 4866A5602B7531E700F4C8F4 /* GPUArbeitsablauf.swift */; };
		4866A5642B75379000F4C8F4 /* GPUArbeitsablauf+erzeugeZufallsdaten.swift in Sources */ = {isa = PBXBuildFile; fileRef = 4866A5632B75379000F4C8F4 /* GPUArbeitsablauf+erzeugeZufallsdaten.swift */; };
		4866A5702B790FAD00F4C8F4 /* GPUWorkflow.swift in Sources */ = {isa = PBXBuildFile; fileRef = 4866A56B2B790FAD00F4C8F4 /* GPUWorkflow.swift */; };
		4866A5712B790FAD00F4C8F4 /* GPUFunction.metal in Sources */ = {isa = PBXBuildFile; fileRef = 4866A56C2B790FAD00F4C8F4 /* GPUFunction.metal */; };
		4866A5722B790FAD00F4C8F4 /* GPUFluxoDeTrabalho.swift in Sources */ = {isa = PBXBuildFile; fileRef = 4866A56E2B790FAD00F4C8F4 /* GPUFluxoDeTrabalho.swift */; };
		4866A5732B790FAD00F4C8F4 /* GPUFunção.metal in Sources */ = {isa = PBXBuildFile; fileRef = 4866A56F2B790FAD00F4C8F4 /* GPUFunção.metal */; };
		4866A5752B79101000F4C8F4 /* GPUWorkflow+createRandomData.swift in Sources */ = {isa = PBXBuildFile; fileRef = 4866A5742B79101000F4C8F4 /* GPUWorkflow+createRandomData.swift */; };
		4866A5772B7920D000F4C8F4 /* GPUFluxoDeTrabalho+GPUWorkflow+CriaDadosAleatórios.swift in Sources */ = {isa = PBXBuildFile; fileRef = 4866A5762B7920D000F4C8F4 /* GPUFluxoDeTrabalho+GPUWorkflow+CriaDadosAleatórios.swift */; };
/* End PBXBuildFile section */

/* Begin PBXCopyFilesBuildPhase section */
		4866A5512B752E7600F4C8F4 /* CopyFiles */ = {
			isa = PBXCopyFilesBuildPhase;
			buildActionMask = 2147483647;
			dstPath = /usr/share/man/man1/;
			dstSubfolderSpec = 0;
			files = (
			);
			runOnlyForDeploymentPostprocessing = 1;
		};
/* End PBXCopyFilesBuildPhase section */

/* Begin PBXFileReference section */
		4866A5532B752E7600F4C8F4 /* GPUFunctions */ = {isa = PBXFileReference; explicitFileType = "compiled.mach-o.executable"; includeInIndex = 0; path = GPUFunctions; sourceTree = BUILT_PRODUCTS_DIR; };
		4866A5562B752E7600F4C8F4 /* main.swift */ = {isa = PBXFileReference; lastKnownFileType = sourcecode.swift; path = main.swift; sourceTree = "<group>"; };
		4866A55F2B7531E700F4C8F4 /* GPUFunktion.metal */ = {isa = PBXFileReference; fileEncoding = 4; lastKnownFileType = sourcecode.metal; path = GPUFunktion.metal; sourceTree = "<group>"; };
		4866A5602B7531E700F4C8F4 /* GPUArbeitsablauf.swift */ = {isa = PBXFileReference; fileEncoding = 4; lastKnownFileType = sourcecode.swift; path = GPUArbeitsablauf.swift; sourceTree = "<group>"; };
		4866A5632B75379000F4C8F4 /* GPUArbeitsablauf+erzeugeZufallsdaten.swift */ = {isa = PBXFileReference; lastKnownFileType = sourcecode.swift; path = "GPUArbeitsablauf+erzeugeZufallsdaten.swift"; sourceTree = "<group>"; };
		4866A5692B78E83C00F4C8F4 /* README.de.md */ = {isa = PBXFileReference; lastKnownFileType = net.daringfireball.markdown; path = README.de.md; sourceTree = "<group>"; };
		4866A56B2B790FAD00F4C8F4 /* GPUWorkflow.swift */ = {isa = PBXFileReference; fileEncoding = 4; lastKnownFileType = sourcecode.swift; path = GPUWorkflow.swift; sourceTree = "<group>"; };
		4866A56C2B790FAD00F4C8F4 /* GPUFunction.metal */ = {isa = PBXFileReference; fileEncoding = 4; lastKnownFileType = sourcecode.metal; path = GPUFunction.metal; sourceTree = "<group>"; };
		4866A56E2B790FAD00F4C8F4 /* GPUFluxoDeTrabalho.swift */ = {isa = PBXFileReference; fileEncoding = 4; lastKnownFileType = sourcecode.swift; path = GPUFluxoDeTrabalho.swift; sourceTree = "<group>"; };
		4866A56F2B790FAD00F4C8F4 /* GPUFunção.metal */ = {isa = PBXFileReference; fileEncoding = 4; lastKnownFileType = sourcecode.metal; path = "GPUFunção.metal"; sourceTree = "<group>"; };
		4866A5742B79101000F4C8F4 /* GPUWorkflow+createRandomData.swift */ = {isa = PBXFileReference; lastKnownFileType = sourcecode.swift; path = "GPUWorkflow+createRandomData.swift"; sourceTree = "<group>"; };
		4866A5762B7920D000F4C8F4 /* GPUFluxoDeTrabalho+GPUWorkflow+CriaDadosAleatórios.swift */ = {isa = PBXFileReference; lastKnownFileType = sourcecode.swift; path = "GPUFluxoDeTrabalho+GPUWorkflow+CriaDadosAleatórios.swift"; sourceTree = "<group>"; };
		4866A5782B792C9900F4C8F4 /* README.pt.md */ = {isa = PBXFileReference; lastKnownFileType = net.daringfireball.markdown; path = README.pt.md; sourceTree = "<group>"; };
		4866A5792B792DFB00F4C8F4 /* README.md */ = {isa = PBXFileReference; lastKnownFileType = net.daringfireball.markdown; path = README.md; sourceTree = "<group>"; };
/* End PBXFileReference section */

/* Begin PBXFrameworksBuildPhase section */
		4866A5502B752E7600F4C8F4 /* Frameworks */ = {
			isa = PBXFrameworksBuildPhase;
			buildActionMask = 2147483647;
			files = (
			);
			runOnlyForDeploymentPostprocessing = 0;
		};
/* End PBXFrameworksBuildPhase section */

/* Begin PBXGroup section */
		4866A54A2B752E7600F4C8F4 = {
			isa = PBXGroup;
			children = (
				4866A5792B792DFB00F4C8F4 /* README.md */,
				4866A5692B78E83C00F4C8F4 /* README.de.md */,
				4866A5782B792C9900F4C8F4 /* README.pt.md */,
				4866A5552B752E7600F4C8F4 /* GPUFunctions */,
				4866A5542B752E7600F4C8F4 /* Products */,
			);
			sourceTree = "<group>";
		};
		4866A5542B752E7600F4C8F4 /* Products */ = {
			isa = PBXGroup;
			children = (
				4866A5532B752E7600F4C8F4 /* GPUFunctions */,
			);
			name = Products;
			sourceTree = "<group>";
		};
		4866A5552B752E7600F4C8F4 /* GPUFunctions */ = {
			isa = PBXGroup;
			children = (
				4866A56A2B790FAD00F4C8F4 /* en 🇺🇸🇬🇧 */,
				4866A56D2B790FAD00F4C8F4 /* pt 🇵🇹🇧🇷 */,
				4866A55E2B7531E700F4C8F4 /* de 🇩🇪🇦🇹🇨🇭 */,
				4866A5562B752E7600F4C8F4 /* main.swift */,
			);
			path = GPUFunctions;
			sourceTree = "<group>";
		};
		4866A55E2B7531E700F4C8F4 /* de 🇩🇪🇦🇹🇨🇭 */ = {
			isa = PBXGroup;
			children = (
				4866A55F2B7531E700F4C8F4 /* GPUFunktion.metal */,
				4866A5602B7531E700F4C8F4 /* GPUArbeitsablauf.swift */,
				4866A5632B75379000F4C8F4 /* GPUArbeitsablauf+erzeugeZufallsdaten.swift */,
			);
			path = "de 🇩🇪🇦🇹🇨🇭";
			sourceTree = "<group>";
		};
		4866A56A2B790FAD00F4C8F4 /* en 🇺🇸🇬🇧 */ = {
			isa = PBXGroup;
			children = (
				4866A56C2B790FAD00F4C8F4 /* GPUFunction.metal */,
				4866A56B2B790FAD00F4C8F4 /* GPUWorkflow.swift */,
				4866A5742B79101000F4C8F4 /* GPUWorkflow+createRandomData.swift */,
			);
			path = "en 🇺🇸🇬🇧";
			sourceTree = "<group>";
		};
		4866A56D2B790FAD00F4C8F4 /* pt 🇵🇹🇧🇷 */ = {
			isa = PBXGroup;
			children = (
				4866A56F2B790FAD00F4C8F4 /* GPUFunção.metal */,
				4866A56E2B790FAD00F4C8F4 /* GPUFluxoDeTrabalho.swift */,
				4866A5762B7920D000F4C8F4 /* GPUFluxoDeTrabalho+GPUWorkflow+CriaDadosAleatórios.swift */,
			);
			path = "pt 🇵🇹🇧🇷";
			sourceTree = "<group>";
		};
/* End PBXGroup section */

/* Begin PBXNativeTarget section */
		4866A5522B752E7600F4C8F4 /* GPUFunctions */ = {
			isa = PBXNativeTarget;
			buildConfigurationList = 4866A55A2B752E7600F4C8F4 /* Build configuration list for PBXNativeTarget "GPUFunctions" */;
			buildPhases = (
				4866A54F2B752E7600F4C8F4 /* Sources */,
				4866A5502B752E7600F4C8F4 /* Frameworks */,
				4866A5512B752E7600F4C8F4 /* CopyFiles */,
			);
			buildRules = (
			);
			dependencies = (
			);
			name = GPUFunctions;
			productName = GPUFunctions;
			productReference = 4866A5532B752E7600F4C8F4 /* GPUFunctions */;
			productType = "com.apple.product-type.tool";
		};
/* End PBXNativeTarget section */

/* Begin PBXProject section */
		4866A54B2B752E7600F4C8F4 /* Project object */ = {
			isa = PBXProject;
			attributes = {
				BuildIndependentTargetsInParallel = 1;
				LastSwiftUpdateCheck = 1520;
				LastUpgradeCheck = 1520;
				TargetAttributes = {
					4866A5522B752E7600F4C8F4 = {
						CreatedOnToolsVersion = 15.2;
					};
				};
			};
			buildConfigurationList = 4866A54E2B752E7600F4C8F4 /* Build configuration list for PBXProject "GPUFunctions" */;
			compatibilityVersion = "Xcode 14.0";
			developmentRegion = en;
			hasScannedForEncodings = 0;
			knownRegions = (
				en,
				Base,
			);
			mainGroup = 4866A54A2B752E7600F4C8F4;
			productRefGroup = 4866A5542B752E7600F4C8F4 /* Products */;
			projectDirPath = "";
			projectRoot = "";
			targets = (
				4866A5522B752E7600F4C8F4 /* GPUFunctions */,
			);
		};
/* End PBXProject section */

/* Begin PBXSourcesBuildPhase section */
		4866A54F2B752E7600F4C8F4 /* Sources */ = {
			isa = PBXSourcesBuildPhase;
			buildActionMask = 2147483647;
			files = (
				4866A5712B790FAD00F4C8F4 /* GPUFunction.metal in Sources */,
				4866A5772B7920D000F4C8F4 /* GPUFluxoDeTrabalho+GPUWorkflow+CriaDadosAleatórios.swift in Sources */,
				4866A5752B79101000F4C8F4 /* GPUWorkflow+createRandomData.swift in Sources */,
				4866A5612B7531E700F4C8F4 /* GPUFunktion.metal in Sources */,
				4866A5702B790FAD00F4C8F4 /* GPUWorkflow.swift in Sources */,
				4866A5722B790FAD00F4C8F4 /* GPUFluxoDeTrabalho.swift in Sources */,
				4866A5732B790FAD00F4C8F4 /* GPUFunção.metal in Sources */,
				4866A5642B75379000F4C8F4 /* GPUArbeitsablauf+erzeugeZufallsdaten.swift in Sources */,
				4866A5622B7531E700F4C8F4 /* GPUArbeitsablauf.swift in Sources */,
				4866A5572B752E7600F4C8F4 /* main.swift in Sources */,
			);
			runOnlyForDeploymentPostprocessing = 0;
		};
/* End PBXSourcesBuildPhase section */

/* Begin XCBuildConfiguration section */
		4866A5582B752E7600F4C8F4 /* Debug */ = {
			isa = XCBuildConfiguration;
			buildSettings = {
				ALWAYS_SEARCH_USER_PATHS = NO;
				ASSETCATALOG_COMPILER_GENERATE_SWIFT_ASSET_SYMBOL_EXTENSIONS = YES;
				CLANG_ANALYZER_NONNULL = YES;
				CLANG_ANALYZER_NUMBER_OBJECT_CONVERSION = YES_AGGRESSIVE;
				CLANG_CXX_LANGUAGE_STANDARD = "gnu++20";
				CLANG_ENABLE_MODULES = YES;
				CLANG_ENABLE_OBJC_ARC = YES;
				CLANG_ENABLE_OBJC_WEAK = YES;
				CLANG_WARN_BLOCK_CAPTURE_AUTORELEASING = YES;
				CLANG_WARN_BOOL_CONVERSION = YES;
				CLANG_WARN_COMMA = YES;
				CLANG_WARN_CONSTANT_CONVERSION = YES;
				CLANG_WARN_DEPRECATED_OBJC_IMPLEMENTATIONS = YES;
				CLANG_WARN_DIRECT_OBJC_ISA_USAGE = YES_ERROR;
				CLANG_WARN_DOCUMENTATION_COMMENTS = YES;
				CLANG_WARN_EMPTY_BODY = YES;
				CLANG_WARN_ENUM_CONVERSION = YES;
				CLANG_WARN_INFINITE_RECURSION = YES;
				CLANG_WARN_INT_CONVERSION = YES;
				CLANG_WARN_NON_LITERAL_NULL_CONVERSION = YES;
				CLANG_WARN_OBJC_IMPLICIT_RETAIN_SELF = YES;
				CLANG_WARN_OBJC_LITERAL_CONVERSION = YES;
				CLANG_WARN_OBJC_ROOT_CLASS = YES_ERROR;
				CLANG_WARN_QUOTED_INCLUDE_IN_FRAMEWORK_HEADER = YES;
				CLANG_WARN_RANGE_LOOP_ANALYSIS = YES;
				CLANG_WARN_STRICT_PROTOTYPES = YES;
				CLANG_WARN_SUSPICIOUS_MOVE = YES;
				CLANG_WARN_UNGUARDED_AVAILABILITY = YES_AGGRESSIVE;
				CLANG_WARN_UNREACHABLE_CODE = YES;
				CLANG_WARN__DUPLICATE_METHOD_MATCH = YES;
				COPY_PHASE_STRIP = NO;
				DEBUG_INFORMATION_FORMAT = dwarf;
				ENABLE_STRICT_OBJC_MSGSEND = YES;
				ENABLE_TESTABILITY = YES;
				ENABLE_USER_SCRIPT_SANDBOXING = YES;
				GCC_C_LANGUAGE_STANDARD = gnu17;
				GCC_DYNAMIC_NO_PIC = NO;
				GCC_NO_COMMON_BLOCKS = YES;
				GCC_OPTIMIZATION_LEVEL = 0;
				GCC_PREPROCESSOR_DEFINITIONS = (
					"DEBUG=1",
					"$(inherited)",
				);
				GCC_WARN_64_TO_32_BIT_CONVERSION = YES;
				GCC_WARN_ABOUT_RETURN_TYPE = YES_ERROR;
				GCC_WARN_UNDECLARED_SELECTOR = YES;
				GCC_WARN_UNINITIALIZED_AUTOS = YES_AGGRESSIVE;
				GCC_WARN_UNUSED_FUNCTION = YES;
				GCC_WARN_UNUSED_VARIABLE = YES;
				LOCALIZATION_PREFERS_STRING_CATALOGS = YES;
				MACOSX_DEPLOYMENT_TARGET = 14.2;
				MTL_ENABLE_DEBUG_INFO = INCLUDE_SOURCE;
				MTL_FAST_MATH = YES;
				ONLY_ACTIVE_ARCH = YES;
				SDKROOT = macosx;
				SWIFT_ACTIVE_COMPILATION_CONDITIONS = "DEBUG $(inherited)";
				SWIFT_OPTIMIZATION_LEVEL = "-Onone";
			};
			name = Debug;
		};
		4866A5592B752E7600F4C8F4 /* Release */ = {
			isa = XCBuildConfiguration;
			buildSettings = {
				ALWAYS_SEARCH_USER_PATHS = NO;
				ASSETCATALOG_COMPILER_GENERATE_SWIFT_ASSET_SYMBOL_EXTENSIONS = YES;
				CLANG_ANALYZER_NONNULL = YES;
				CLANG_ANALYZER_NUMBER_OBJECT_CONVERSION = YES_AGGRESSIVE;
				CLANG_CXX_LANGUAGE_STANDARD = "gnu++20";
				CLANG_ENABLE_MODULES = YES;
				CLANG_ENABLE_OBJC_ARC = YES;
				CLANG_ENABLE_OBJC_WEAK = YES;
				CLANG_WARN_BLOCK_CAPTURE_AUTORELEASING = YES;
				CLANG_WARN_BOOL_CONVERSION = YES;
				CLANG_WARN_COMMA = YES;
				CLANG_WARN_CONSTANT_CONVERSION = YES;
				CLANG_WARN_DEPRECATED_OBJC_IMPLEMENTATIONS = YES;
				CLANG_WARN_DIRECT_OBJC_ISA_USAGE = YES_ERROR;
				CLANG_WARN_DOCUMENTATION_COMMENTS = YES;
				CLANG_WARN_EMPTY_BODY = YES;
				CLANG_WARN_ENUM_CONVERSION = YES;
				CLANG_WARN_INFINITE_RECURSION = YES;
				CLANG_WARN_INT_CONVERSION = YES;
				CLANG_WARN_NON_LITERAL_NULL_CONVERSION = YES;
				CLANG_WARN_OBJC_IMPLICIT_RETAIN_SELF = YES;
				CLANG_WARN_OBJC_LITERAL_CONVERSION = YES;
				CLANG_WARN_OBJC_ROOT_CLASS = YES_ERROR;
				CLANG_WARN_QUOTED_INCLUDE_IN_FRAMEWORK_HEADER = YES;
				CLANG_WARN_RANGE_LOOP_ANALYSIS = YES;
				CLANG_WARN_STRICT_PROTOTYPES = YES;
				CLANG_WARN_SUSPICIOUS_MOVE = YES;
				CLANG_WARN_UNGUARDED_AVAILABILITY = YES_AGGRESSIVE;
				CLANG_WARN_UNREACHABLE_CODE = YES;
				CLANG_WARN__DUPLICATE_METHOD_MATCH = YES;
				COPY_PHASE_STRIP = NO;
				DEBUG_INFORMATION_FORMAT = "dwarf-with-dsym";
				ENABLE_NS_ASSERTIONS = NO;
				ENABLE_STRICT_OBJC_MSGSEND = YES;
				ENABLE_USER_SCRIPT_SANDBOXING = YES;
				GCC_C_LANGUAGE_STANDARD = gnu17;
				GCC_NO_COMMON_BLOCKS = YES;
				GCC_WARN_64_TO_32_BIT_CONVERSION = YES;
				GCC_WARN_ABOUT_RETURN_TYPE = YES_ERROR;
				GCC_WARN_UNDECLARED_SELECTOR = YES;
				GCC_WARN_UNINITIALIZED_AUTOS = YES_AGGRESSIVE;
				GCC_WARN_UNUSED_FUNCTION = YES;
				GCC_WARN_UNUSED_VARIABLE = YES;
				LOCALIZATION_PREFERS_STRING_CATALOGS = YES;
				MACOSX_DEPLOYMENT_TARGET = 14.2;
				MTL_ENABLE_DEBUG_INFO = NO;
				MTL_FAST_MATH = YES;
				SDKROOT = macosx;
				SWIFT_COMPILATION_MODE = wholemodule;
			};
			name = Release;
		};
		4866A55B2B752E7600F4C8F4 /* Debug */ = {
			isa = XCBuildConfiguration;
			buildSettings = {
				CODE_SIGN_STYLE = Automatic;
				DEVELOPMENT_TEAM = P42FSG7L2S;
				ENABLE_HARDENED_RUNTIME = YES;
				PRODUCT_NAME = "$(TARGET_NAME)";
				SWIFT_VERSION = 5.0;
			};
			name = Debug;
		};
		4866A55C2B752E7600F4C8F4 /* Release */ = {
			isa = XCBuildConfiguration;
			buildSettings = {
				CODE_SIGN_STYLE = Automatic;
				DEVELOPMENT_TEAM = P42FSG7L2S;
				ENABLE_HARDENED_RUNTIME = YES;
				PRODUCT_NAME = "$(TARGET_NAME)";
				SWIFT_VERSION = 5.0;
			};
			name = Release;
		};
/* End XCBuildConfiguration section */

/* Begin XCConfigurationList section */
		4866A54E2B752E7600F4C8F4 /* Build configuration list for PBXProject "GPUFunctions" */ = {
			isa = XCConfigurationList;
			buildConfigurations = (
				4866A5582B752E7600F4C8F4 /* Debug */,
				4866A5592B752E7600F4C8F4 /* Release */,
			);
			defaultConfigurationIsVisible = 0;
			defaultConfigurationName = Release;
		};
		4866A55A2B752E7600F4C8F4 /* Build configuration list for PBXNativeTarget "GPUFunctions" */ = {
			isa = XCConfigurationList;
			buildConfigurations = (
				4866A55B2B752E7600F4C8F4 /* Debug */,
				4866A55C2B752E7600F4C8F4 /* Release */,
			);
			defaultConfigurationIsVisible = 0;
			defaultConfigurationName = Release;
		};
/* End XCConfigurationList section */
	};
	rootObject = 4866A54B2B752E7600F4C8F4 /* Project object */;
}
